
Microsoft Visual Studio Solution File, Format Version 12.00
# Visual Studio 15
VisualStudioVersion = 15.0.26403.3
MinimumVisualStudioVersion = 10.0.40219.1
Project("{FAE04EC0-301F-11D3-BF4B-00C04F79EFBC}") = "VendingMachineApp", "VendingMachineApp\VendingMachineApp.csproj", "{A36B8B61-467A-49A7-96B8-2E06B48D232B}"
EndProject
Project("{FAE04EC0-301F-11D3-BF4B-00C04F79EFBC}") = "VendingMachineApp.Tests", "VendingMachineApp.Tests\VendingMachineApp.Tests.csproj", "{22D1A0E3-2F22-4FF1-9D80-51188F85AB83}"
EndProject
Global
	GlobalSection(SolutionConfigurationPlatforms) = preSolution
		Debug|Any CPU = Debug|Any CPU
		Release|Any CPU = Release|Any CPU
	EndGlobalSection
	GlobalSection(ProjectConfigurationPlatforms) = postSolution
		{A36B8B61-467A-49A7-96B8-2E06B48D232B}.Debug|Any CPU.ActiveCfg = Debug|Any CPU
		{A36B8B61-467A-49A7-96B8-2E06B48D232B}.Debug|Any CPU.Build.0 = Debug|Any CPU
		{A36B8B61-467A-49A7-96B8-2E06B48D232B}.Release|Any CPU.ActiveCfg = Release|Any CPU
		{A36B8B61-467A-49A7-96B8-2E06B48D232B}.Release|Any CPU.Build.0 = Release|Any CPU
		{22D1A0E3-2F22-4FF1-9D80-51188F85AB83}.Debug|Any CPU.ActiveCfg = Debug|Any CPU
		{22D1A0E3-2F22-4FF1-9D80-51188F85AB83}.Debug|Any CPU.Build.0 = Debug|Any CPU
		{22D1A0E3-2F22-4FF1-9D80-51188F85AB83}.Release|Any CPU.ActiveCfg = Release|Any CPU
		{22D1A0E3-2F22-4FF1-9D80-51188F85AB83}.Release|Any CPU.Build.0 = Release|Any CPU
	EndGlobalSection
	GlobalSection(SolutionProperties) = preSolution
		HideSolutionNode = FALSE
	EndGlobalSection
EndGlobal
